
Microsoft Visual Studio Solution File, Format Version 12.00
Project("{FAE04EC0-301F-11D3-BF4B-00C04F79EFBC}") = "Booking.API", "Booking.API\Booking.API.csproj", "{C5BC3BBA-40CC-44F5-B0EB-526F409EA22C}"
EndProject
Project("{FAE04EC0-301F-11D3-BF4B-00C04F79EFBC}") = "Booking.Core", "Booking.Core\Booking.Core.csproj", "{FA543E4E-7BC1-4701-8521-A3E939597809}"
EndProject
Project("{FAE04EC0-301F-11D3-BF4B-00C04F79EFBC}") = "Booking.Data", "Booking.Data\Booking.Data.csproj", "{A72BEF2C-9409-40C7-9BED-960808F18DF2}"
EndProject
Global
	GlobalSection(SolutionConfigurationPlatforms) = preSolution
		Debug|Any CPU = Debug|Any CPU
		Release|Any CPU = Release|Any CPU
	EndGlobalSection
	GlobalSection(ProjectConfigurationPlatforms) = postSolution
		{C5BC3BBA-40CC-44F5-B0EB-526F409EA22C}.Debug|Any CPU.ActiveCfg = Debug|Any CPU
		{C5BC3BBA-40CC-44F5-B0EB-526F409EA22C}.Debug|Any CPU.Build.0 = Debug|Any CPU
		{C5BC3BBA-40CC-44F5-B0EB-526F409EA22C}.Release|Any CPU.ActiveCfg = Release|Any CPU
		{C5BC3BBA-40CC-44F5-B0EB-526F409EA22C}.Release|Any CPU.Build.0 = Release|Any CPU
		{FA543E4E-7BC1-4701-8521-A3E939597809}.Debug|Any CPU.ActiveCfg = Debug|Any CPU
		{FA543E4E-7BC1-4701-8521-A3E939597809}.Debug|Any CPU.Build.0 = Debug|Any CPU
		{FA543E4E-7BC1-4701-8521-A3E939597809}.Release|Any CPU.ActiveCfg = Release|Any CPU
		{FA543E4E-7BC1-4701-8521-A3E939597809}.Release|Any CPU.Build.0 = Release|Any CPU
		{A72BEF2C-9409-40C7-9BED-960808F18DF2}.Debug|Any CPU.ActiveCfg = Debug|Any CPU
		{A72BEF2C-9409-40C7-9BED-960808F18DF2}.Debug|Any CPU.Build.0 = Debug|Any CPU
		{A72BEF2C-9409-40C7-9BED-960808F18DF2}.Release|Any CPU.ActiveCfg = Release|Any CPU
		{A72BEF2C-9409-40C7-9BED-960808F18DF2}.Release|Any CPU.Build.0 = Release|Any CPU
	EndGlobalSection
EndGlobal
